
Microsoft Visual Studio Solution File, Format Version 12.00
# Visual Studio Version 16
VisualStudioVersion = 16.0.31729.503
MinimumVisualStudioVersion = 10.0.40219.1
Project("{9A19103F-16F7-4668-BE54-9A1E7A4F7556}") = "Treciaspraktinis", "RSA1\Treciaspraktinis.csproj", "{208FB5D1-1D9B-439A-B7CD-296024F814DE}"
EndProject
Global
	GlobalSection(SolutionConfigurationPlatforms) = preSolution
		Debug|Any CPU = Debug|Any CPU
		Release|Any CPU = Release|Any CPU
	EndGlobalSection
	GlobalSection(ProjectConfigurationPlatforms) = postSolution
		{208FB5D1-1D9B-439A-B7CD-296024F814DE}.Debug|Any CPU.ActiveCfg = Debug|Any CPU
		{208FB5D1-1D9B-439A-B7CD-296024F814DE}.Debug|Any CPU.Build.0 = Debug|Any CPU
		{208FB5D1-1D9B-439A-B7CD-296024F814DE}.Release|Any CPU.ActiveCfg = Release|Any CPU
		{208FB5D1-1D9B-439A-B7CD-296024F814DE}.Release|Any CPU.Build.0 = Release|Any CPU
	EndGlobalSection
	GlobalSection(SolutionProperties) = preSolution
		HideSolutionNode = FALSE
	EndGlobalSection
	GlobalSection(ExtensibilityGlobals) = postSolution
		SolutionGuid = {CDBE7926-934C-4231-92A8-276ED28C6076}
	EndGlobalSection
EndGlobal
